
Microsoft Visual Studio Solution File, Format Version 12.00
# Visual Studio Version 17
VisualStudioVersion = 17.4.33103.184
MinimumVisualStudioVersion = 10.0.40219.1
Project("{8BC9CEB8-8B4A-11D0-8D11-00A0C91BC942}") = "fibonachi", "fibonachi\fibonachi.vcxproj", "{3CD0D113-1ED8-4E22-9C38-E48238F50085}"
EndProject
Global
	GlobalSection(SolutionConfigurationPlatforms) = preSolution
		Debug|x64 = Debug|x64
		Debug|x86 = Debug|x86
		Release|x64 = Release|x64
		Release|x86 = Release|x86
	EndGlobalSection
	GlobalSection(ProjectConfigurationPlatforms) = postSolution
		{3CD0D113-1ED8-4E22-9C38-E48238F50085}.Debug|x64.ActiveCfg = Debug|x64
		{3CD0D113-1ED8-4E22-9C38-E48238F50085}.Debug|x64.Build.0 = Debug|x64
		{3CD0D113-1ED8-4E22-9C38-E48238F50085}.Debug|x86.ActiveCfg = Debug|Win32
		{3CD0D113-1ED8-4E22-9C38-E48238F50085}.Debug|x86.Build.0 = Debug|Win32
		{3CD0D113-1ED8-4E22-9C38-E48238F50085}.Release|x64.ActiveCfg = Release|x64
		{3CD0D113-1ED8-4E22-9C38-E48238F50085}.Release|x64.Build.0 = Release|x64
		{3CD0D113-1ED8-4E22-9C38-E48238F50085}.Release|x86.ActiveCfg = Release|Win32
		{3CD0D113-1ED8-4E22-9C38-E48238F50085}.Release|x86.Build.0 = Release|Win32
	EndGlobalSection
	GlobalSection(SolutionProperties) = preSolution
		HideSolutionNode = FALSE
	EndGlobalSection
	GlobalSection(ExtensibilityGlobals) = postSolution
		SolutionGuid = {12F11E1C-A5FD-4BEA-8311-A6E53FA75849}
	EndGlobalSection
EndGlobal
